Microsoft Visual Studio Solution File, Format Version 12.00
# Visual Studio Version 16
VisualStudioVersion = 16.0.30204.135
MinimumVisualStudioVersion = 10.0.40219.1
Project("{2150E333-8FDC-42A3-9474-1A3956D46DE8}") = "src", "src", "{27CE9B86-3C2B-4DC5-A4A4-9B7CE5B19FD1}"
EndProject
Project("{2150E333-8FDC-42A3-9474-1A3956D46DE8}") = "Solution Items", "Solution Items", "{EB12BB02-C15C-469F-B4A4-6DE0E187C8DB}"
	ProjectSection(SolutionItems) = preProject
		NuGet.Config = NuGet.Config
	EndProjectSection
EndProject
Project("{9A19103F-16F7-4668-BE54-9A1E7A4F7556}") = "JsonWebTokens", "src\JsonWebTokens\JsonWebTokens.csproj", "{8AE68C4D-5A71-4B0F-9275-0541E5D388FD}"
EndProject
Project("{2150E333-8FDC-42A3-9474-1A3956D46DE8}") = "test", "test", "{5BE147ED-42A2-4506-9F54-6F3819A13AEA}"
EndProject
Project("{9A19103F-16F7-4668-BE54-9A1E7A4F7556}") = "JsonWebTokens.Tests", "test\JsonWebTokens.Tests\JsonWebTokens.Tests.csproj", "{FA5653F8-C2DA-4B4A-BB9A-DD689A759520}"
EndProject
Global
	GlobalSection(SolutionConfigurationPlatforms) = preSolution
		Debug|Any CPU = Debug|Any CPU
		Debug|x64 = Debug|x64
		Debug|x86 = Debug|x86
		Release|Any CPU = Release|Any CPU
		Release|x64 = Release|x64
		Release|x86 = Release|x86
	EndGlobalSection
	GlobalSection(ProjectConfigurationPlatforms) = postSolution
		{8AE68C4D-5A71-4B0F-9275-0541E5D388FD}.Debug|Any CPU.ActiveCfg = Debug|Any CPU
		{8AE68C4D-5A71-4B0F-9275-0541E5D388FD}.Debug|Any CPU.Build.0 = Debug|Any CPU
		{8AE68C4D-5A71-4B0F-9275-0541E5D388FD}.Debug|x64.ActiveCfg = Debug|Any CPU
		{8AE68C4D-5A71-4B0F-9275-0541E5D388FD}.Debug|x64.Build.0 = Debug|Any CPU
		{8AE68C4D-5A71-4B0F-9275-0541E5D388FD}.Debug|x86.ActiveCfg = Debug|Any CPU
		{8AE68C4D-5A71-4B0F-9275-0541E5D388FD}.Debug|x86.Build.0 = Debug|Any CPU
		{8AE68C4D-5A71-4B0F-9275-0541E5D388FD}.Release|Any CPU.ActiveCfg = Release|Any CPU
		{8AE68C4D-5A71-4B0F-9275-0541E5D388FD}.Release|Any CPU.Build.0 = Release|Any CPU
		{8AE68C4D-5A71-4B0F-9275-0541E5D388FD}.Release|x64.ActiveCfg = Release|Any CPU
		{8AE68C4D-5A71-4B0F-9275-0541E5D388FD}.Release|x64.Build.0 = Release|Any CPU
		{8AE68C4D-5A71-4B0F-9275-0541E5D388FD}.Release|x86.ActiveCfg = Release|Any CPU
		{8AE68C4D-5A71-4B0F-9275-0541E5D388FD}.Release|x86.Build.0 = Release|Any CPU
		{FA5653F8-C2DA-4B4A-BB9A-DD689A759520}.Debug|Any CPU.ActiveCfg = Debug|Any CPU
		{FA5653F8-C2DA-4B4A-BB9A-DD689A759520}.Debug|Any CPU.Build.0 = Debug|Any CPU
		{FA5653F8-C2DA-4B4A-BB9A-DD689A759520}.Debug|x64.ActiveCfg = Debug|Any CPU
		{FA5653F8-C2DA-4B4A-BB9A-DD689A759520}.Debug|x64.Build.0 = Debug|Any CPU
		{FA5653F8-C2DA-4B4A-BB9A-DD689A759520}.Debug|x86.ActiveCfg = Debug|Any CPU
		{FA5653F8-C2DA-4B4A-BB9A-DD689A759520}.Debug|x86.Build.0 = Debug|Any CPU
		{FA5653F8-C2DA-4B4A-BB9A-DD689A759520}.Release|Any CPU.ActiveCfg = Release|Any CPU
		{FA5653F8-C2DA-4B4A-BB9A-DD689A759520}.Release|Any CPU.Build.0 = Release|Any CPU
		{FA5653F8-C2DA-4B4A-BB9A-DD689A759520}.Release|x64.ActiveCfg = Release|Any CPU
		{FA5653F8-C2DA-4B4A-BB9A-DD689A759520}.Release|x64.Build.0 = Release|Any CPU
		{FA5653F8-C2DA-4B4A-BB9A-DD689A759520}.Release|x86.ActiveCfg = Release|Any CPU
		{FA5653F8-C2DA-4B4A-BB9A-DD689A759520}.Release|x86.Build.0 = Release|Any CPU
	EndGlobalSection
	GlobalSection(SolutionProperties) = preSolution
		HideSolutionNode = FALSE
	EndGlobalSection
	GlobalSection(NestedProjects) = preSolution
		{8AE68C4D-5A71-4B0F-9275-0541E5D388FD} = {27CE9B86-3C2B-4DC5-A4A4-9B7CE5B19FD1}
		{FA5653F8-C2DA-4B4A-BB9A-DD689A759520} = {5BE147ED-42A2-4506-9F54-6F3819A13AEA}
	EndGlobalSection
	GlobalSection(ExtensibilityGlobals) = postSolution
		SolutionGuid = {67ACB7B6-4FF7-435B-AA39-BA700396907E}
	EndGlobalSection
EndGlobal
